
Microsoft Visual Studio Solution File, Format Version 12.00
# Visual Studio 14
VisualStudioVersion = 14.0.25123.0
MinimumVisualStudioVersion = 10.0.40219.1
Project("{FAE04EC0-301F-11D3-BF4B-00C04F79EFBC}") = "Pyramid", "Pyramid\Pyramid.csproj", "{573C5742-5D98-4B19-B4CA-87CD328E29C5}"
EndProject
Project("{FAE04EC0-301F-11D3-BF4B-00C04F79EFBC}") = "Pyramid.Tests", "Pyramid.Tests\Pyramid.Tests.csproj", "{D133BE9F-31ED-4701-99FC-652F7AA6A3E0}"
EndProject
Project("{FAE04EC0-301F-11D3-BF4B-00C04F79EFBC}") = "Pyramid.DAL", "Pyramid.DAL\Pyramid.DAL.csproj", "{7C3D728A-24F1-4776-9604-211F8B394174}"
EndProject
Global
	GlobalSection(SolutionConfigurationPlatforms) = preSolution
		Debug|Any CPU = Debug|Any CPU
		Release|Any CPU = Release|Any CPU
	EndGlobalSection
	GlobalSection(ProjectConfigurationPlatforms) = postSolution
		{573C5742-5D98-4B19-B4CA-87CD328E29C5}.Debug|Any CPU.ActiveCfg = Debug|Any CPU
		{573C5742-5D98-4B19-B4CA-87CD328E29C5}.Debug|Any CPU.Build.0 = Debug|Any CPU
		{573C5742-5D98-4B19-B4CA-87CD328E29C5}.Release|Any CPU.ActiveCfg = Release|Any CPU
		{573C5742-5D98-4B19-B4CA-87CD328E29C5}.Release|Any CPU.Build.0 = Release|Any CPU
		{D133BE9F-31ED-4701-99FC-652F7AA6A3E0}.Debug|Any CPU.ActiveCfg = Debug|Any CPU
		{D133BE9F-31ED-4701-99FC-652F7AA6A3E0}.Debug|Any CPU.Build.0 = Debug|Any CPU
		{D133BE9F-31ED-4701-99FC-652F7AA6A3E0}.Release|Any CPU.ActiveCfg = Release|Any CPU
		{D133BE9F-31ED-4701-99FC-652F7AA6A3E0}.Release|Any CPU.Build.0 = Release|Any CPU
		{7C3D728A-24F1-4776-9604-211F8B394174}.Debug|Any CPU.ActiveCfg = Debug|Any CPU
		{7C3D728A-24F1-4776-9604-211F8B394174}.Debug|Any CPU.Build.0 = Debug|Any CPU
		{7C3D728A-24F1-4776-9604-211F8B394174}.Release|Any CPU.ActiveCfg = Release|Any CPU
		{7C3D728A-24F1-4776-9604-211F8B394174}.Release|Any CPU.Build.0 = Release|Any CPU
	EndGlobalSection
	GlobalSection(SolutionProperties) = preSolution
		HideSolutionNode = FALSE
	EndGlobalSection
EndGlobal
