
Microsoft Visual Studio Solution File, Format Version 12.00
# Visual Studio 14
VisualStudioVersion = 14.0.25123.0
MinimumVisualStudioVersion = 10.0.40219.1
Project("{FAE04EC0-301F-11D3-BF4B-00C04F79EFBC}") = "Pyramid", "Pyramid\Pyramid.csproj", "{573C5742-5D98-4B19-B4CA-87CD328E29C5}"
EndProject
Project("{FAE04EC0-301F-11D3-BF4B-00C04F79EFBC}") = "Pyramid.Tests", "Pyramid.Tests\Pyramid.Tests.csproj", "{D133BE9F-31ED-4701-99FC-652F7AA6A3E0}"
EndProject
Project("{FAE04EC0-301F-11D3-BF4B-00C04F79EFBC}") = "DBFirstDAL", "DBFirstDAL\DBFirstDAL.csproj", "{F1726DAF-6C4A-4BE9-8E06-BEAE99EE4707}"
EndProject
Project("{FAE04EC0-301F-11D3-BF4B-00C04F79EFBC}") = "Entity", "Entity\Entity.csproj", "{2B605EF3-8DE4-448A-A2CB-6534641B5A6B}"
EndProject
Project("{FAE04EC0-301F-11D3-BF4B-00C04F79EFBC}") = "Pyramid.BLL", "Pyramid.BLL\Pyramid.BLL.csproj", "{14326C1F-4C18-47CE-A076-3B831A48FE6C}"
EndProject
Project("{FAE04EC0-301F-11D3-BF4B-00C04F79EFBC}") = "Common", "Common\Common.csproj", "{AE169D4C-C0ED-482F-87F5-1684A65B8823}"
EndProject
Project("{FAE04EC0-301F-11D3-BF4B-00C04F79EFBC}") = "WindowsServicePyramid", "WindowsServicePyramid\WindowsServicePyramid.csproj", "{BE02C883-B6AE-426A-96DD-CB7D2B13B0CD}"
EndProject
Global
	GlobalSection(SolutionConfigurationPlatforms) = preSolution
		Debug|Any CPU = Debug|Any CPU
		Release|Any CPU = Release|Any CPU
	EndGlobalSection
	GlobalSection(ProjectConfigurationPlatforms) = postSolution
		{573C5742-5D98-4B19-B4CA-87CD328E29C5}.Debug|Any CPU.ActiveCfg = Debug|Any CPU
		{573C5742-5D98-4B19-B4CA-87CD328E29C5}.Debug|Any CPU.Build.0 = Debug|Any CPU
		{573C5742-5D98-4B19-B4CA-87CD328E29C5}.Release|Any CPU.ActiveCfg = Release|Any CPU
		{573C5742-5D98-4B19-B4CA-87CD328E29C5}.Release|Any CPU.Build.0 = Release|Any CPU
		{D133BE9F-31ED-4701-99FC-652F7AA6A3E0}.Debug|Any CPU.ActiveCfg = Debug|Any CPU
		{D133BE9F-31ED-4701-99FC-652F7AA6A3E0}.Debug|Any CPU.Build.0 = Debug|Any CPU
		{D133BE9F-31ED-4701-99FC-652F7AA6A3E0}.Release|Any CPU.ActiveCfg = Release|Any CPU
		{D133BE9F-31ED-4701-99FC-652F7AA6A3E0}.Release|Any CPU.Build.0 = Release|Any CPU
		{F1726DAF-6C4A-4BE9-8E06-BEAE99EE4707}.Debug|Any CPU.ActiveCfg = Debug|Any CPU
		{F1726DAF-6C4A-4BE9-8E06-BEAE99EE4707}.Debug|Any CPU.Build.0 = Debug|Any CPU
		{F1726DAF-6C4A-4BE9-8E06-BEAE99EE4707}.Release|Any CPU.ActiveCfg = Release|Any CPU
		{F1726DAF-6C4A-4BE9-8E06-BEAE99EE4707}.Release|Any CPU.Build.0 = Release|Any CPU
		{2B605EF3-8DE4-448A-A2CB-6534641B5A6B}.Debug|Any CPU.ActiveCfg = Debug|Any CPU
		{2B605EF3-8DE4-448A-A2CB-6534641B5A6B}.Debug|Any CPU.Build.0 = Debug|Any CPU
		{2B605EF3-8DE4-448A-A2CB-6534641B5A6B}.Release|Any CPU.ActiveCfg = Release|Any CPU
		{2B605EF3-8DE4-448A-A2CB-6534641B5A6B}.Release|Any CPU.Build.0 = Release|Any CPU
		{14326C1F-4C18-47CE-A076-3B831A48FE6C}.Debug|Any CPU.ActiveCfg = Debug|Any CPU
		{14326C1F-4C18-47CE-A076-3B831A48FE6C}.Debug|Any CPU.Build.0 = Debug|Any CPU
		{14326C1F-4C18-47CE-A076-3B831A48FE6C}.Release|Any CPU.ActiveCfg = Release|Any CPU
		{14326C1F-4C18-47CE-A076-3B831A48FE6C}.Release|Any CPU.Build.0 = Release|Any CPU
		{AE169D4C-C0ED-482F-87F5-1684A65B8823}.Debug|Any CPU.ActiveCfg = Debug|Any CPU
		{AE169D4C-C0ED-482F-87F5-1684A65B8823}.Debug|Any CPU.Build.0 = Debug|Any CPU
		{AE169D4C-C0ED-482F-87F5-1684A65B8823}.Release|Any CPU.ActiveCfg = Release|Any CPU
		{AE169D4C-C0ED-482F-87F5-1684A65B8823}.Release|Any CPU.Build.0 = Release|Any CPU
		{BE02C883-B6AE-426A-96DD-CB7D2B13B0CD}.Debug|Any CPU.ActiveCfg = Debug|Any CPU
		{BE02C883-B6AE-426A-96DD-CB7D2B13B0CD}.Debug|Any CPU.Build.0 = Debug|Any CPU
		{BE02C883-B6AE-426A-96DD-CB7D2B13B0CD}.Release|Any CPU.ActiveCfg = Release|Any CPU
		{BE02C883-B6AE-426A-96DD-CB7D2B13B0CD}.Release|Any CPU.Build.0 = Release|Any CPU
	EndGlobalSection
	GlobalSection(SolutionProperties) = preSolution
		HideSolutionNode = FALSE
	EndGlobalSection
EndGlobal
